
Microsoft Visual Studio Solution File, Format Version 12.00
# Visual Studio 15
VisualStudioVersion = 15.0.26730.12
MinimumVisualStudioVersion = 10.0.40219.1
Project("{FAE04EC0-301F-11D3-BF4B-00C04F79EFBC}") = "IfStatements1", "IfStatements1\IfStatements1.csproj", "{BB25B0A7-0FD6-4D94-9E9F-DF6E86744E77}"
EndProject
Global
	GlobalSection(SolutionConfigurationPlatforms) = preSolution
		Debug|Any CPU = Debug|Any CPU
		Release|Any CPU = Release|Any CPU
	EndGlobalSection
	GlobalSection(ProjectConfigurationPlatforms) = postSolution
		{BB25B0A7-0FD6-4D94-9E9F-DF6E86744E77}.Debug|Any CPU.ActiveCfg = Debug|Any CPU
		{BB25B0A7-0FD6-4D94-9E9F-DF6E86744E77}.Debug|Any CPU.Build.0 = Debug|Any CPU
		{BB25B0A7-0FD6-4D94-9E9F-DF6E86744E77}.Release|Any CPU.ActiveCfg = Release|Any CPU
		{BB25B0A7-0FD6-4D94-9E9F-DF6E86744E77}.Release|Any CPU.Build.0 = Release|Any CPU
	EndGlobalSection
	GlobalSection(SolutionProperties) = preSolution
		HideSolutionNode = FALSE
	EndGlobalSection
	GlobalSection(ExtensibilityGlobals) = postSolution
		SolutionGuid = {2896906C-9300-4040-820D-F10B9A3F73C4}
	EndGlobalSection
EndGlobal
